
Microsoft Visual Studio Solution File, Format Version 12.00
# Visual Studio Version 17
VisualStudioVersion = 17.8.34316.72
MinimumVisualStudioVersion = 10.0.40219.1
Project("{8BC9CEB8-8B4A-11D0-8D11-00A0C91BC942}") = "RustCApi", "RustCApi\RustCApi.vcxproj", "{283C6B87-92C3-4E91-8C2E-E1ECA7B8D03F}"
EndProject
Global
	GlobalSection(SolutionConfigurationPlatforms) = preSolution
		Compile|x64 = Compile|x64
		Compile|x86 = Compile|x86
		Debug|x64 = Debug|x64
		Debug|x86 = Debug|x86
		Release|x64 = Release|x64
		Release|x86 = Release|x86
	EndGlobalSection
	GlobalSection(ProjectConfigurationPlatforms) = postSolution
		{283C6B87-92C3-4E91-8C2E-E1ECA7B8D03F}.Compile|x64.ActiveCfg = Compile|x64
		{283C6B87-92C3-4E91-8C2E-E1ECA7B8D03F}.Compile|x64.Build.0 = Compile|x64
		{283C6B87-92C3-4E91-8C2E-E1ECA7B8D03F}.Compile|x86.ActiveCfg = Compile|Win32
		{283C6B87-92C3-4E91-8C2E-E1ECA7B8D03F}.Compile|x86.Build.0 = Compile|Win32
		{283C6B87-92C3-4E91-8C2E-E1ECA7B8D03F}.Debug|x64.ActiveCfg = Debug|x64
		{283C6B87-92C3-4E91-8C2E-E1ECA7B8D03F}.Debug|x64.Build.0 = Debug|x64
		{283C6B87-92C3-4E91-8C2E-E1ECA7B8D03F}.Debug|x86.ActiveCfg = Debug|Win32
		{283C6B87-92C3-4E91-8C2E-E1ECA7B8D03F}.Debug|x86.Build.0 = Debug|Win32
		{283C6B87-92C3-4E91-8C2E-E1ECA7B8D03F}.Release|x64.ActiveCfg = Release|x64
		{283C6B87-92C3-4E91-8C2E-E1ECA7B8D03F}.Release|x64.Build.0 = Release|x64
		{283C6B87-92C3-4E91-8C2E-E1ECA7B8D03F}.Release|x86.ActiveCfg = Release|Win32
		{283C6B87-92C3-4E91-8C2E-E1ECA7B8D03F}.Release|x86.Build.0 = Release|Win32
	EndGlobalSection
	GlobalSection(SolutionProperties) = preSolution
		HideSolutionNode = FALSE
	EndGlobalSection
	GlobalSection(ExtensibilityGlobals) = postSolution
		SolutionGuid = {3FC81A9F-8EE5-4C37-9702-725E00ECA004}
	EndGlobalSection
EndGlobal
